// !$*UTF8*$!
{
	archiveVersion = 1;
	classes = {
	};
	objectVersion = 50;
	objects = {

/* Begin PBXBuildFile section */
		98E90768221651C600E68CD2 /* AppDelegate.m in Sources */ = {isa = PBXBuildFile; fileRef = 98E90767221651C600E68CD2 /* AppDelegate.m */; };
		98E9076B221651C600E68CD2 /* ViewController.m in Sources */ = {isa = PBXBuildFile; fileRef = 98E9076A221651C600E68CD2 /* ViewController.m */; };
		98E9076E221651C600E68CD2 /* Main.storyboard in Resources */ = {isa = PBXBuildFile; fileRef = 98E9076C221651C600E68CD2 /* Main.storyboard */; };
		98E90770221651C700E68CD2 /* Assets.xcassets in Resources */ = {isa = PBXBuildFile; fileRef = 98E9076F221651C700E68CD2 /* Assets.xcassets */; };
		98E90773221651C700E68CD2 /* LaunchScreen.storyboard in Resources */ = {isa = PBXBuildFile; fileRef = 98E90771221651C700E68CD2 /* LaunchScreen.storyboard */; };
		98E90776221651C700E68CD2 /* main.m in Sources */ = {isa = PBXBuildFile; fileRef = 98E90775221651C700E68CD2 /* main.m */; };
		98E9077E2216522200E68CD2 /* MyTabBarController.m in Sources */ = {isa = PBXBuildFile; fileRef = 98E9077D2216522200E68CD2 /* MyTabBarController.m */; };
/* End PBXBuildFile section */

/* Begin PBXFileReference section */
		98E90763221651C600E68CD2 /* TabbarPublish.app */ = {isa = PBXFileReference; explicitFileType = wrapper.application; includeInIndex = 0; path = TabbarPublish.app; sourceTree = BUILT_PRODUCTS_DIR; };
		98E90766221651C600E68CD2 /* AppDelegate.h */ = {isa = PBXFileReference; lastKnownFileType = sourcecode.c.h; path = AppDelegate.h; sourceTree = "<group>"; };
		98E90767221651C600E68CD2 /* AppDelegate.m */ = {isa = PBXFileReference; lastKnownFileType = sourcecode.c.objc; path = AppDelegate.m; sourceTree = "<group>"; };
		98E90769221651C600E68CD2 /* ViewController.h */ = {isa = PBXFileReference; lastKnownFileType = sourcecode.c.h; path = ViewController.h; sourceTree = "<group>"; };
		98E9076A221651C600E68CD2 /* ViewController.m */ = {isa = PBXFileReference; lastKnownFileType = sourcecode.c.objc; path = ViewController.m; sourceTree = "<group>"; };
		98E9076D221651C600E68CD2 /* Base */ = {isa = PBXFileReference; lastKnownFileType = file.storyboard; name = Base; path = Base.lproj/Main.storyboard; sourceTree = "<group>"; };
		98E9076F221651C700E68CD2 /* Assets.xcassets */ = {isa = PBXFileReference; lastKnownFileType = folder.assetcatalog; path = Assets.xcassets; sourceTree = "<group>"; };
		98E90772221651C700E68CD2 /* Base */ = {isa = PBXFileReference; lastKnownFileType = file.storyboard; name = Base; path = Base.lproj/LaunchScreen.storyboard; sourceTree = "<group>"; };
		98E90774221651C700E68CD2 /* Info.plist */ = {isa = PBXFileReference; lastKnownFileType = text.plist.xml; path = Info.plist; sourceTree = "<group>"; };
		98E90775221651C700E68CD2 /* main.m */ = {isa = PBXFileReference; lastKnownFileType = sourcecode.c.objc; path = main.m; sourceTree = "<group>"; };
		98E9077C2216522200E68CD2 /* MyTabBarController.h */ = {isa = PBXFileReference; lastKnownFileType = sourcecode.c.h; path = MyTabBarController.h; sourceTree = "<group>"; };
		98E9077D2216522200E68CD2 /* MyTabBarController.m */ = {isa = PBXFileReference; lastKnownFileType = sourcecode.c.objc; path = MyTabBarController.m; sourceTree = "<group>"; };
/* End PBXFileReference section */

/* Begin PBXFrameworksBuildPhase section */
		98E90760221651C600E68CD2 /* Frameworks */ = {
			isa = PBXFrameworksBuildPhase;
			buildActionMask = 2147483647;
			files = (
			);
			runOnlyForDeploymentPostprocessing = 0;
		};
/* End PBXFrameworksBuildPhase section */

/* Begin PBXGroup section */
		98E9075A221651C600E68CD2 = {
			isa = PBXGroup;
			children = (
				98E90765221651C600E68CD2 /* TabbarPublish */,
				98E90764221651C600E68CD2 /* Products */,
			);
			sourceTree = "<group>";
		};
		98E90764221651C600E68CD2 /* Products */ = {
			isa = PBXGroup;
			children = (
				98E90763221651C600E68CD2 /* TabbarPublish.app */,
			);
			name = Products;
			sourceTree = "<group>";
		};
		98E90765221651C600E68CD2 /* TabbarPublish */ = {
			isa = PBXGroup;
			children = (
				98E90766221651C600E68CD2 /* AppDelegate.h */,
				98E90767221651C600E68CD2 /* AppDelegate.m */,
				98E90769221651C600E68CD2 /* ViewController.h */,
				98E9076A221651C600E68CD2 /* ViewController.m */,
				98E9077C2216522200E68CD2 /* MyTabBarController.h */,
				98E9077D2216522200E68CD2 /* MyTabBarController.m */,
				98E9076C221651C600E68CD2 /* Main.storyboard */,
				98E9076F221651C700E68CD2 /* Assets.xcassets */,
				98E90771221651C700E68CD2 /* LaunchScreen.storyboard */,
				98E90774221651C700E68CD2 /* Info.plist */,
				98E90775221651C700E68CD2 /* main.m */,
			);
			path = TabbarPublish;
			sourceTree = "<group>";
		};
/* End PBXGroup section */

/* Begin PBXNativeTarget section */
		98E90762221651C600E68CD2 /* TabbarPublish */ = {
			isa = PBXNativeTarget;
			buildConfigurationList = 98E90779221651C700E68CD2 /* Build configuration list for PBXNativeTarget "TabbarPublish" */;
			buildPhases = (
				98E9075F221651C600E68CD2 /* Sources */,
				98E90760221651C600E68CD2 /* Frameworks */,
				98E90761221651C600E68CD2 /* Resources */,
			);
			buildRules = (
			);
			dependencies = (
			);
			name = TabbarPublish;
			productName = TabbarPublish;
			productReference = 98E90763221651C600E68CD2 /* TabbarPublish.app */;
			productType = "com.apple.product-type.application";
		};
/* End PBXNativeTarget section */

/* Begin PBXProject section */
		98E9075B221651C600E68CD2 /* Project object */ = {
			isa = PBXProject;
			attributes = {
				LastUpgradeCheck = 1010;
				ORGANIZATIONNAME = "暮雪";
				TargetAttributes = {
					98E90762221651C600E68CD2 = {
						CreatedOnToolsVersion = 10.1;
					};
				};
			};
			buildConfigurationList = 98E9075E221651C600E68CD2 /* Build configuration list for PBXProject "TabbarPublish" */;
			compatibilityVersion = "Xcode 9.3";
			developmentRegion = en;
			hasScannedForEncodings = 0;
			knownRegions = (
				en,
				Base,
			);
			mainGroup = 98E9075A221651C600E68CD2;
			productRefGroup = 98E90764221651C600E68CD2 /* Products */;
			projectDirPath = "";
			projectRoot = "";
			targets = (
				98E90762221651C600E68CD2 /* TabbarPublish */,
			);
		};
/* End PBXProject section */

/* Begin PBXResourcesBuildPhase section */
		98E90761221651C600E68CD2 /* Resources */ = {
			isa = PBXResourcesBuildPhase;
			buildActionMask = 2147483647;
			files = (
				98E90773221651C700E68CD2 /* LaunchScreen.storyboard in Resources */,
				98E90770221651C700E68CD2 /* Assets.xcassets in Resources */,
				98E9076E221651C600E68CD2 /* Main.storyboard in Resources */,
			);
			runOnlyForDeploymentPostprocessing = 0;
		};
/* End PBXResourcesBuildPhase section */

/* Begin PBXSourcesBuildPhase section */
		98E9075F221651C600E68CD2 /* Sources */ = {
			isa = PBXSourcesBuildPhase;
			buildActionMask = 2147483647;
			files = (
				98E9076B221651C600E68CD2 /* ViewController.m in Sources */,
				98E9077E2216522200E68CD2 /* MyTabBarController.m in Sources */,
				98E90776221651C700E68CD2 /* main.m in Sources */,
				98E90768221651C600E68CD2 /* AppDelegate.m in Sources */,
			);
			runOnlyForDeploymentPostprocessing = 0;
		};
/* End PBXSourcesBuildPhase section */

/* Begin PBXVariantGroup section */
		98E9076C221651C600E68CD2 /* Main.storyboard */ = {
			isa = PBXVariantGroup;
			children = (
				98E9076D221651C600E68CD2 /* Base */,
			);
			name = Main.storyboard;
			sourceTree = "<group>";
		};
		98E90771221651C700E68CD2 /* LaunchScreen.storyboard */ = {
			isa = PBXVariantGroup;
			children = (
				98E90772221651C700E68CD2 /* Base */,
			);
			name = LaunchScreen.storyboard;
			sourceTree = "<group>";
		};
/* End PBXVariantGroup section */

/* Begin XCBuildConfiguration section */
		98E90777221651C700E68CD2 /* Debug */ = {
			isa = XCBuildConfiguration;
			buildSettings = {
				ALWAYS_SEARCH_USER_PATHS = NO;
				CLANG_ANALYZER_NONNULL = YES;
				CLANG_ANALYZER_NUMBER_OBJECT_CONVERSION = YES_AGGRESSIVE;
				CLANG_CXX_LANGUAGE_STANDARD = "gnu++14";
				CLANG_CXX_LIBRARY = "libc++";
				CLANG_ENABLE_MODULES = YES;
				CLANG_ENABLE_OBJC_ARC = YES;
				CLANG_ENABLE_OBJC_WEAK = YES;
				CLANG_WARN_BLOCK_CAPTURE_AUTORELEASING = YES;
				CLANG_WARN_BOOL_CONVERSION = YES;
				CLANG_WARN_COMMA = YES;
				CLANG_WARN_CONSTANT_CONVERSION = YES;
				CLANG_WARN_DEPRECATED_OBJC_IMPLEMENTATIONS = YES;
				CLANG_WARN_DIRECT_OBJC_ISA_USAGE = YES_ERROR;
				CLANG_WARN_DOCUMENTATION_COMMENTS = YES;
				CLANG_WARN_EMPTY_BODY = YES;
				CLANG_WARN_ENUM_CONVERSION = YES;
				CLANG_WARN_INFINITE_RECURSION = YES;
				CLANG_WARN_INT_CONVERSION = YES;
				CLANG_WARN_NON_LITERAL_NULL_CONVERSION = YES;
				CLANG_WARN_OBJC_IMPLICIT_RETAIN_SELF = YES;
				CLANG_WARN_OBJC_LITERAL_CONVERSION = YES;
				CLANG_WARN_OBJC_ROOT_CLASS = YES_ERROR;
				CLANG_WARN_RANGE_LOOP_ANALYSIS = YES;
				CLANG_WARN_STRICT_PROTOTYPES = YES;
				CLANG_WARN_SUSPICIOUS_MOVE = YES;
				CLANG_WARN_UNGUARDED_AVAILABILITY = YES_AGGRESSIVE;
				CLANG_WARN_UNREACHABLE_CODE = YES;
				CLANG_WARN__DUPLICATE_METHOD_MATCH = YES;
				CODE_SIGN_IDENTITY = "iPhone Developer";
				COPY_PHASE_STRIP = NO;
				DEBUG_INFORMATION_FORMAT = dwarf;
				ENABLE_STRICT_OBJC_MSGSEND = YES;
				ENABLE_TESTABILITY = YES;
				GCC_C_LANGUAGE_STANDARD = gnu11;
				GCC_DYNAMIC_NO_PIC = NO;
				GCC_NO_COMMON_BLOCKS = YES;
				GCC_OPTIMIZATION_LEVEL = 0;
				GCC_PREPROCESSOR_DEFINITIONS = (
					"DEBUG=1",
					"$(inherited)",
				);
				GCC_WARN_64_TO_32_BIT_CONVERSION = YES;
				GCC_WARN_ABOUT_RETURN_TYPE = YES_ERROR;
				GCC_WARN_UNDECLARED_SELECTOR = YES;
				GCC_WARN_UNINITIALIZED_AUTOS = YES_AGGRESSIVE;
				GCC_WARN_UNUSED_FUNCTION = YES;
				GCC_WARN_UNUSED_VARIABLE = YES;
				IPHONEOS_DEPLOYMENT_TARGET = 12.1;
				MTL_ENABLE_DEBUG_INFO = INCLUDE_SOURCE;
				MTL_FAST_MATH = YES;
				ONLY_ACTIVE_ARCH = YES;
				SDKROOT = iphoneos;
			};
			name = Debug;
		};
		98E90778221651C700E68CD2 /* Release */ = {
			isa = XCBuildConfiguration;
			buildSettings = {
				ALWAYS_SEARCH_USER_PATHS = NO;
				CLANG_ANALYZER_NONNULL = YES;
				CLANG_ANALYZER_NUMBER_OBJECT_CONVERSION = YES_AGGRESSIVE;
				CLANG_CXX_LANGUAGE_STANDARD = "gnu++14";
				CLANG_CXX_LIBRARY = "libc++";
				CLANG_ENABLE_MODULES = YES;
				CLANG_ENABLE_OBJC_ARC = YES;
				CLANG_ENABLE_OBJC_WEAK = YES;
				CLANG_WARN_BLOCK_CAPTURE_AUTORELEASING = YES;
				CLANG_WARN_BOOL_CONVERSION = YES;
				CLANG_WARN_COMMA = YES;
				CLANG_WARN_CONSTANT_CONVERSION = YES;
				CLANG_WARN_DEPRECATED_OBJC_IMPLEMENTATIONS = YES;
				CLANG_WARN_DIRECT_OBJC_ISA_USAGE = YES_ERROR;
				CLANG_WARN_DOCUMENTATION_COMMENTS = YES;
				CLANG_WARN_EMPTY_BODY = YES;
				CLANG_WARN_ENUM_CONVERSION = YES;
				CLANG_WARN_INFINITE_RECURSION = YES;
				CLANG_WARN_INT_CONVERSION = YES;
				CLANG_WARN_NON_LITERAL_NULL_CONVERSION = YES;
				CLANG_WARN_OBJC_IMPLICIT_RETAIN_SELF = YES;
				CLANG_WARN_OBJC_LITERAL_CONVERSION = YES;
				CLANG_WARN_OBJC_ROOT_CLASS = YES_ERROR;
				CLANG_WARN_RANGE_LOOP_ANALYSIS = YES;
				CLANG_WARN_STRICT_PROTOTYPES = YES;
				CLANG_WARN_SUSPICIOUS_MOVE = YES;
				CLANG_WARN_UNGUARDED_AVAILABILITY = YES_AGGRESSIVE;
				CLANG_WARN_UNREACHABLE_CODE = YES;
				CLANG_WARN__DUPLICATE_METHOD_MATCH = YES;
				CODE_SIGN_IDENTITY = "iPhone Developer";
				COPY_PHASE_STRIP = NO;
				DEBUG_INFORMATION_FORMAT = "dwarf-with-dsym";
				ENABLE_NS_ASSERTIONS = NO;
				ENABLE_STRICT_OBJC_MSGSEND = YES;
				GCC_C_LANGUAGE_STANDARD = gnu11;
				GCC_NO_COMMON_BLOCKS = YES;
				GCC_WARN_64_TO_32_BIT_CONVERSION = YES;
				GCC_WARN_ABOUT_RETURN_TYPE = YES_ERROR;
				GCC_WARN_UNDECLARED_SELECTOR = YES;
				GCC_WARN_UNINITIALIZED_AUTOS = YES_AGGRESSIVE;
				GCC_WARN_UNUSED_FUNCTION = YES;
				GCC_WARN_UNUSED_VARIABLE = YES;
				IPHONEOS_DEPLOYMENT_TARGET = 12.1;
				MTL_ENABLE_DEBUG_INFO = NO;
				MTL_FAST_MATH = YES;
				SDKROOT = iphoneos;
				VALIDATE_PRODUCT = YES;
			};
			name = Release;
		};
		98E9077A221651C700E68CD2 /* Debug */ = {
			isa = XCBuildConfiguration;
			buildSettings = {
				ASSETCATALOG_COMPILER_APPICON_NAME = AppIcon;
				CODE_SIGN_STYLE = Automatic;
				INFOPLIST_FILE = TabbarPublish/Info.plist;
				LD_RUNPATH_SEARCH_PATHS = (
					"$(inherited)",
					"@executable_path/Frameworks",
				);
				PRODUCT_BUNDLE_IDENTIFIER = com.muxue.TabbarPublish;
				PRODUCT_NAME = "$(TARGET_NAME)";
				TARGETED_DEVICE_FAMILY = "1,2";
			};
			name = Debug;
		};
		98E9077B221651C700E68CD2 /* Release */ = {
			isa = XCBuildConfiguration;
			buildSettings = {
				ASSETCATALOG_COMPILER_APPICON_NAME = AppIcon;
				CODE_SIGN_STYLE = Automatic;
				INFOPLIST_FILE = TabbarPublish/Info.plist;
				LD_RUNPATH_SEARCH_PATHS = (
					"$(inherited)",
					"@executable_path/Frameworks",
				);
				PRODUCT_BUNDLE_IDENTIFIER = com.muxue.TabbarPublish;
				PRODUCT_NAME = "$(TARGET_NAME)";
				TARGETED_DEVICE_FAMILY = "1,2";
			};
			name = Release;
		};
/* End XCBuildConfiguration section */

/* Begin XCConfigurationList section */
		98E9075E221651C600E68CD2 /* Build configuration list for PBXProject "TabbarPublish" */ = {
			isa = XCConfigurationList;
			buildConfigurations = (
				98E90777221651C700E68CD2 /* Debug */,
				98E90778221651C700E68CD2 /* Release */,
			);
			defaultConfigurationIsVisible = 0;
			defaultConfigurationName = Release;
		};
		98E90779221651C700E68CD2 /* Build configuration list for PBXNativeTarget "TabbarPublish" */ = {
			isa = XCConfigurationList;
			buildConfigurations = (
				98E9077A221651C700E68CD2 /* Debug */,
				98E9077B221651C700E68CD2 /* Release */,
			);
			defaultConfigurationIsVisible = 0;
			defaultConfigurationName = Release;
		};
/* End XCConfigurationList section */
	};
	rootObject = 98E9075B221651C600E68CD2 /* Project object */;
}
